
Microsoft Visual Studio Solution File, Format Version 12.00
# Visual Studio Version 17
VisualStudioVersion = 17.10.35013.160
MinimumVisualStudioVersion = 10.0.40219.1
Project("{9A19103F-16F7-4668-BE54-9A1E7A4F7556}") = "TinMonkey.SimCare.Core", "TinMonkey.SimCare.Core\TinMonkey.SimCare.Core.csproj", "{35133A35-F7D3-4548-9F2A-BCF7BE906838}"
EndProject
Project("{2150E333-8FDC-42A3-9474-1A3956D46DE8}") = "Solution Items", "Solution Items", "{2BB7C78E-1B90-4660-8625-4488F10C1E54}"
	ProjectSection(SolutionItems) = preProject
		..\.editorconfig = ..\.editorconfig
	EndProjectSection
EndProject
Project("{9A19103F-16F7-4668-BE54-9A1E7A4F7556}") = "TinMonkey.SimCare.App", "TinMonkey.SimCare.App\TinMonkey.SimCare.App.csproj", "{E4FBAB5B-BEC1-4B9F-98E4-93716CC0A078}"
EndProject
Project("{9A19103F-16F7-4668-BE54-9A1E7A4F7556}") = "TinMonkey.SimCare.Medicine", "TinMonkey.SimCare.Medicine\TinMonkey.SimCare.Medicine.csproj", "{173F7B4F-A9BD-494E-B5BD-5CD38BC4ABA8}"
EndProject
Project("{9A19103F-16F7-4668-BE54-9A1E7A4F7556}") = "TinMonkey.SimCare.Web", "TinMonkey.SimCare.Web\TinMonkey.SimCare.Web.csproj", "{66225AB7-C698-4E49-A3F0-FD2E3A91CCAC}"
EndProject
Project("{9A19103F-16F7-4668-BE54-9A1E7A4F7556}") = "TinMonkey.Domain.Core", "TinMonkey.Domain.Core\TinMonkey.Domain.Core.csproj", "{6D02D29C-0B8C-4F98-8AA8-D38018F9653C}"
EndProject
Project("{FAE04EC0-301F-11D3-BF4B-00C04F79EFBC}") = "TinMonkey.SimCare.Api", "TinMonkey.SimCare.Api\TinMonkey.SimCare.Api.csproj", "{45D10030-13BA-45F8-9B2E-B31F423869C5}"
EndProject
Global
	GlobalSection(SolutionConfigurationPlatforms) = preSolution
		Debug|Any CPU = Debug|Any CPU
		Release|Any CPU = Release|Any CPU
	EndGlobalSection
	GlobalSection(ProjectConfigurationPlatforms) = postSolution
		{35133A35-F7D3-4548-9F2A-BCF7BE906838}.Debug|Any CPU.ActiveCfg = Debug|Any CPU
		{35133A35-F7D3-4548-9F2A-BCF7BE906838}.Debug|Any CPU.Build.0 = Debug|Any CPU
		{35133A35-F7D3-4548-9F2A-BCF7BE906838}.Release|Any CPU.ActiveCfg = Release|Any CPU
		{35133A35-F7D3-4548-9F2A-BCF7BE906838}.Release|Any CPU.Build.0 = Release|Any CPU
		{E4FBAB5B-BEC1-4B9F-98E4-93716CC0A078}.Debug|Any CPU.ActiveCfg = Debug|Any CPU
		{E4FBAB5B-BEC1-4B9F-98E4-93716CC0A078}.Debug|Any CPU.Build.0 = Debug|Any CPU
		{E4FBAB5B-BEC1-4B9F-98E4-93716CC0A078}.Release|Any CPU.ActiveCfg = Release|Any CPU
		{E4FBAB5B-BEC1-4B9F-98E4-93716CC0A078}.Release|Any CPU.Build.0 = Release|Any CPU
		{173F7B4F-A9BD-494E-B5BD-5CD38BC4ABA8}.Debug|Any CPU.ActiveCfg = Debug|Any CPU
		{173F7B4F-A9BD-494E-B5BD-5CD38BC4ABA8}.Debug|Any CPU.Build.0 = Debug|Any CPU
		{173F7B4F-A9BD-494E-B5BD-5CD38BC4ABA8}.Release|Any CPU.ActiveCfg = Release|Any CPU
		{173F7B4F-A9BD-494E-B5BD-5CD38BC4ABA8}.Release|Any CPU.Build.0 = Release|Any CPU
		{66225AB7-C698-4E49-A3F0-FD2E3A91CCAC}.Debug|Any CPU.ActiveCfg = Debug|Any CPU
		{66225AB7-C698-4E49-A3F0-FD2E3A91CCAC}.Debug|Any CPU.Build.0 = Debug|Any CPU
		{66225AB7-C698-4E49-A3F0-FD2E3A91CCAC}.Release|Any CPU.ActiveCfg = Release|Any CPU
		{66225AB7-C698-4E49-A3F0-FD2E3A91CCAC}.Release|Any CPU.Build.0 = Release|Any CPU
		{6D02D29C-0B8C-4F98-8AA8-D38018F9653C}.Debug|Any CPU.ActiveCfg = Debug|Any CPU
		{6D02D29C-0B8C-4F98-8AA8-D38018F9653C}.Debug|Any CPU.Build.0 = Debug|Any CPU
		{6D02D29C-0B8C-4F98-8AA8-D38018F9653C}.Release|Any CPU.ActiveCfg = Release|Any CPU
		{6D02D29C-0B8C-4F98-8AA8-D38018F9653C}.Release|Any CPU.Build.0 = Release|Any CPU
		{45D10030-13BA-45F8-9B2E-B31F423869C5}.Debug|Any CPU.ActiveCfg = Debug|Any CPU
		{45D10030-13BA-45F8-9B2E-B31F423869C5}.Debug|Any CPU.Build.0 = Debug|Any CPU
		{45D10030-13BA-45F8-9B2E-B31F423869C5}.Release|Any CPU.ActiveCfg = Release|Any CPU
		{45D10030-13BA-45F8-9B2E-B31F423869C5}.Release|Any CPU.Build.0 = Release|Any CPU
	EndGlobalSection
	GlobalSection(SolutionProperties) = preSolution
		HideSolutionNode = FALSE
	EndGlobalSection
	GlobalSection(ExtensibilityGlobals) = postSolution
		SolutionGuid = {2C1AFFE2-650C-4BDA-9B41-469B8DB7775F}
	EndGlobalSection
EndGlobal
